
Microsoft Visual Studio Solution File, Format Version 12.00
# Visual Studio Version 17
VisualStudioVersion = 17.0.31903.59
MinimumVisualStudioVersion = 10.0.40219.1
Project("{FAE04EC0-301F-11D3-BF4B-00C04F79EFBC}") = "Enabill.Web", "Enabill.Web\Enabill.Web.csproj", "{7F557000-1C79-4410-9C07-2F37751149E1}"
	ProjectSection(ProjectDependencies) = postProject
		{59B775AF-A5D3-45AD-90A3-6DEF276ADC8B} = {59B775AF-A5D3-45AD-90A3-6DEF276ADC8B}
	EndProjectSection
EndProject
Project("{FAE04EC0-301F-11D3-BF4B-00C04F79EFBC}") = "Enabill.Common", "Enabill.Common\Enabill.Common.csproj", "{19516ADB-DC28-4B7C-A6FF-ABEA0F97374A}"
EndProject
Project("{FAE04EC0-301F-11D3-BF4B-00C04F79EFBC}") = "Enabill.Comms", "Enabill.Comms\Enabill.Comms.csproj", "{B24CDB3B-F21A-425C-8961-FD2A7CCDD002}"
EndProject
Project("{FAE04EC0-301F-11D3-BF4B-00C04F79EFBC}") = "Enabill.Processes", "Enabill.Processes\Enabill.Processes.csproj", "{C1B82633-BFFD-4D25-9B54-14FD905934D8}"
EndProject
Project("{FAE04EC0-301F-11D3-BF4B-00C04F79EFBC}") = "Enabill.ProcessExec", "Enabill.ProcessExec\Enabill.ProcessExec.csproj", "{B5C22CC8-CCF4-4799-AA39-659056856040}"
EndProject
Project("{FAE04EC0-301F-11D3-BF4B-00C04F79EFBC}") = "Enabill.Print", "Enabill.Print\Enabill.Print.csproj", "{CA7BE164-6DFB-4377-B483-FEDA1B2FDEE1}"
EndProject
Project("{FAE04EC0-301F-11D3-BF4B-00C04F79EFBC}") = "Enabill.Emailing", "Enabill.Emailing\Enabill.Emailing.csproj", "{2DD90E03-B9DA-4A4E-A8AE-589211EFA0A1}"
EndProject
Project("{FAE04EC0-301F-11D3-BF4B-00C04F79EFBC}") = "Enabill.ScheduledJob", "Enabill.ScheduledJob\Enabill.ScheduledJob.csproj", "{59B775AF-A5D3-45AD-90A3-6DEF276ADC8B}"
EndProject
Project("{FAE04EC0-301F-11D3-BF4B-00C04F79EFBC}") = "Enabill.Repository", "Enabill.Repository\Enabill.Repository.csproj", "{7AA569D6-F34B-4C03-8FBA-9DF49E566AF7}"
EndProject
Project("{00D1A9C2-B5F0-4AF3-8072-F6C62B433612}") = "Enabill.Database", "Enabill.Database\Enabill.Database.sqlproj", "{DA3900F4-991A-41E6-A7D9-8FC5D3CC9DB1}"
EndProject
Project("{2150E333-8FDC-42A3-9474-1A3956D46DE8}") = "Tests", "Tests", "{4F26B6C3-C2B7-4D58-8F4B-F6CC3C3834BB}"
EndProject
Project("{FAE04EC0-301F-11D3-BF4B-00C04F79EFBC}") = "Enabill.Web.Tests", "Enabill.Web.Tests\Enabill.Web.Tests.csproj", "{DE9A11AC-590A-4396-A8AF-5F539A1052AF}"
EndProject
Global
	GlobalSection(SolutionConfigurationPlatforms) = preSolution
		BuildNet45|Any CPU = BuildNet45|Any CPU
		BuildNet45|Mixed Platforms = BuildNet45|Mixed Platforms
		BuildNet45|x64 = BuildNet45|x64
		BuildNet45|x86 = BuildNet45|x86
		Debug|Any CPU = Debug|Any CPU
		Debug|Mixed Platforms = Debug|Mixed Platforms
		Debug|x64 = Debug|x64
		Debug|x86 = Debug|x86
		Release|Any CPU = Release|Any CPU
		Release|Mixed Platforms = Release|Mixed Platforms
		Release|x64 = Release|x64
		Release|x86 = Release|x86
		Staging|Any CPU = Staging|Any CPU
		Staging|Mixed Platforms = Staging|Mixed Platforms
		Staging|x64 = Staging|x64
		Staging|x86 = Staging|x86
		Test|Any CPU = Test|Any CPU
		Test|Mixed Platforms = Test|Mixed Platforms
		Test|x64 = Test|x64
		Test|x86 = Test|x86
	EndGlobalSection
	GlobalSection(ProjectConfigurationPlatforms) = postSolution
		{7F557000-1C79-4410-9C07-2F37751149E1}.BuildNet45|Any CPU.ActiveCfg = Release|Any CPU
		{7F557000-1C79-4410-9C07-2F37751149E1}.BuildNet45|Any CPU.Build.0 = Release|Any CPU
		{7F557000-1C79-4410-9C07-2F37751149E1}.BuildNet45|Mixed Platforms.ActiveCfg = Release|Any CPU
		{7F557000-1C79-4410-9C07-2F37751149E1}.BuildNet45|Mixed Platforms.Build.0 = Release|Any CPU
		{7F557000-1C79-4410-9C07-2F37751149E1}.BuildNet45|x64.ActiveCfg = Test|Any CPU
		{7F557000-1C79-4410-9C07-2F37751149E1}.BuildNet45|x64.Build.0 = Test|Any CPU
		{7F557000-1C79-4410-9C07-2F37751149E1}.BuildNet45|x86.ActiveCfg = Release|Any CPU
		{7F557000-1C79-4410-9C07-2F37751149E1}.Debug|Any CPU.ActiveCfg = Debug|Any CPU
		{7F557000-1C79-4410-9C07-2F37751149E1}.Debug|Any CPU.Build.0 = Debug|Any CPU
		{7F557000-1C79-4410-9C07-2F37751149E1}.Debug|Mixed Platforms.ActiveCfg = Debug|Any CPU
		{7F557000-1C79-4410-9C07-2F37751149E1}.Debug|Mixed Platforms.Build.0 = Debug|Any CPU
		{7F557000-1C79-4410-9C07-2F37751149E1}.Debug|x64.ActiveCfg = Debug|Any CPU
		{7F557000-1C79-4410-9C07-2F37751149E1}.Debug|x64.Build.0 = Debug|Any CPU
		{7F557000-1C79-4410-9C07-2F37751149E1}.Debug|x86.ActiveCfg = Debug|Any CPU
		{7F557000-1C79-4410-9C07-2F37751149E1}.Release|Any CPU.ActiveCfg = Release|Any CPU
		{7F557000-1C79-4410-9C07-2F37751149E1}.Release|Any CPU.Build.0 = Release|Any CPU
		{7F557000-1C79-4410-9C07-2F37751149E1}.Release|Mixed Platforms.ActiveCfg = Release|Any CPU
		{7F557000-1C79-4410-9C07-2F37751149E1}.Release|Mixed Platforms.Build.0 = Release|Any CPU
		{7F557000-1C79-4410-9C07-2F37751149E1}.Release|x64.ActiveCfg = Release|Any CPU
		{7F557000-1C79-4410-9C07-2F37751149E1}.Release|x64.Build.0 = Release|Any CPU
		{7F557000-1C79-4410-9C07-2F37751149E1}.Release|x86.ActiveCfg = Release|Any CPU
		{7F557000-1C79-4410-9C07-2F37751149E1}.Staging|Any CPU.ActiveCfg = Staging|Any CPU
		{7F557000-1C79-4410-9C07-2F37751149E1}.Staging|Any CPU.Build.0 = Staging|Any CPU
		{7F557000-1C79-4410-9C07-2F37751149E1}.Staging|Mixed Platforms.ActiveCfg = Staging|Any CPU
		{7F557000-1C79-4410-9C07-2F37751149E1}.Staging|Mixed Platforms.Build.0 = Staging|Any CPU
		{7F557000-1C79-4410-9C07-2F37751149E1}.Staging|x64.ActiveCfg = Staging|Any CPU
		{7F557000-1C79-4410-9C07-2F37751149E1}.Staging|x64.Build.0 = Staging|Any CPU
		{7F557000-1C79-4410-9C07-2F37751149E1}.Staging|x86.ActiveCfg = Staging|Any CPU
		{7F557000-1C79-4410-9C07-2F37751149E1}.Staging|x86.Build.0 = Staging|Any CPU
		{7F557000-1C79-4410-9C07-2F37751149E1}.Test|Any CPU.ActiveCfg = Test|Any CPU
		{7F557000-1C79-4410-9C07-2F37751149E1}.Test|Any CPU.Build.0 = Test|Any CPU
		{7F557000-1C79-4410-9C07-2F37751149E1}.Test|Mixed Platforms.ActiveCfg = Test|Any CPU
		{7F557000-1C79-4410-9C07-2F37751149E1}.Test|Mixed Platforms.Build.0 = Test|Any CPU
		{7F557000-1C79-4410-9C07-2F37751149E1}.Test|x64.ActiveCfg = Test|Any CPU
		{7F557000-1C79-4410-9C07-2F37751149E1}.Test|x64.Build.0 = Test|Any CPU
		{7F557000-1C79-4410-9C07-2F37751149E1}.Test|x86.ActiveCfg = Test|Any CPU
		{7F557000-1C79-4410-9C07-2F37751149E1}.Test|x86.Build.0 = Test|Any CPU
		{19516ADB-DC28-4B7C-A6FF-ABEA0F97374A}.BuildNet45|Any CPU.ActiveCfg = Release|Any CPU
		{19516ADB-DC28-4B7C-A6FF-ABEA0F97374A}.BuildNet45|Any CPU.Build.0 = Release|Any CPU
		{19516ADB-DC28-4B7C-A6FF-ABEA0F97374A}.BuildNet45|Mixed Platforms.ActiveCfg = Release|Any CPU
		{19516ADB-DC28-4B7C-A6FF-ABEA0F97374A}.BuildNet45|Mixed Platforms.Build.0 = Release|Any CPU
		{19516ADB-DC28-4B7C-A6FF-ABEA0F97374A}.BuildNet45|x64.ActiveCfg = Test|Any CPU
		{19516ADB-DC28-4B7C-A6FF-ABEA0F97374A}.BuildNet45|x64.Build.0 = Test|Any CPU
		{19516ADB-DC28-4B7C-A6FF-ABEA0F97374A}.BuildNet45|x86.ActiveCfg = Release|Any CPU
		{19516ADB-DC28-4B7C-A6FF-ABEA0F97374A}.Debug|Any CPU.ActiveCfg = Debug|Any CPU
		{19516ADB-DC28-4B7C-A6FF-ABEA0F97374A}.Debug|Any CPU.Build.0 = Debug|Any CPU
		{19516ADB-DC28-4B7C-A6FF-ABEA0F97374A}.Debug|Mixed Platforms.ActiveCfg = Debug|Any CPU
		{19516ADB-DC28-4B7C-A6FF-ABEA0F97374A}.Debug|Mixed Platforms.Build.0 = Debug|Any CPU
		{19516ADB-DC28-4B7C-A6FF-ABEA0F97374A}.Debug|x64.ActiveCfg = Debug|Any CPU
		{19516ADB-DC28-4B7C-A6FF-ABEA0F97374A}.Debug|x64.Build.0 = Debug|Any CPU
		{19516ADB-DC28-4B7C-A6FF-ABEA0F97374A}.Debug|x86.ActiveCfg = Debug|Any CPU
		{19516ADB-DC28-4B7C-A6FF-ABEA0F97374A}.Release|Any CPU.ActiveCfg = Release|Any CPU
		{19516ADB-DC28-4B7C-A6FF-ABEA0F97374A}.Release|Any CPU.Build.0 = Release|Any CPU
		{19516ADB-DC28-4B7C-A6FF-ABEA0F97374A}.Release|Mixed Platforms.ActiveCfg = Release|Any CPU
		{19516ADB-DC28-4B7C-A6FF-ABEA0F97374A}.Release|Mixed Platforms.Build.0 = Release|Any CPU
		{19516ADB-DC28-4B7C-A6FF-ABEA0F97374A}.Release|x64.ActiveCfg = Release|Any CPU
		{19516ADB-DC28-4B7C-A6FF-ABEA0F97374A}.Release|x64.Build.0 = Release|Any CPU
		{19516ADB-DC28-4B7C-A6FF-ABEA0F97374A}.Release|x86.ActiveCfg = Release|Any CPU
		{19516ADB-DC28-4B7C-A6FF-ABEA0F97374A}.Staging|Any CPU.ActiveCfg = Staging|Any CPU
		{19516ADB-DC28-4B7C-A6FF-ABEA0F97374A}.Staging|Any CPU.Build.0 = Staging|Any CPU
		{19516ADB-DC28-4B7C-A6FF-ABEA0F97374A}.Staging|Mixed Platforms.ActiveCfg = Staging|Any CPU
		{19516ADB-DC28-4B7C-A6FF-ABEA0F97374A}.Staging|Mixed Platforms.Build.0 = Staging|Any CPU
		{19516ADB-DC28-4B7C-A6FF-ABEA0F97374A}.Staging|x64.ActiveCfg = Staging|Any CPU
		{19516ADB-DC28-4B7C-A6FF-ABEA0F97374A}.Staging|x64.Build.0 = Staging|Any CPU
		{19516ADB-DC28-4B7C-A6FF-ABEA0F97374A}.Staging|x86.ActiveCfg = Staging|Any CPU
		{19516ADB-DC28-4B7C-A6FF-ABEA0F97374A}.Staging|x86.Build.0 = Staging|Any CPU
		{19516ADB-DC28-4B7C-A6FF-ABEA0F97374A}.Test|Any CPU.ActiveCfg = Test|Any CPU
		{19516ADB-DC28-4B7C-A6FF-ABEA0F97374A}.Test|Any CPU.Build.0 = Test|Any CPU
		{19516ADB-DC28-4B7C-A6FF-ABEA0F97374A}.Test|Mixed Platforms.ActiveCfg = Test|Any CPU
		{19516ADB-DC28-4B7C-A6FF-ABEA0F97374A}.Test|Mixed Platforms.Build.0 = Test|Any CPU
		{19516ADB-DC28-4B7C-A6FF-ABEA0F97374A}.Test|x64.ActiveCfg = Test|Any CPU
		{19516ADB-DC28-4B7C-A6FF-ABEA0F97374A}.Test|x64.Build.0 = Test|Any CPU
		{19516ADB-DC28-4B7C-A6FF-ABEA0F97374A}.Test|x86.ActiveCfg = Test|Any CPU
		{19516ADB-DC28-4B7C-A6FF-ABEA0F97374A}.Test|x86.Build.0 = Test|Any CPU
		{B24CDB3B-F21A-425C-8961-FD2A7CCDD002}.BuildNet45|Any CPU.ActiveCfg = Release|Any CPU
		{B24CDB3B-F21A-425C-8961-FD2A7CCDD002}.BuildNet45|Any CPU.Build.0 = Release|Any CPU
		{B24CDB3B-F21A-425C-8961-FD2A7CCDD002}.BuildNet45|Mixed Platforms.ActiveCfg = Release|Any CPU
		{B24CDB3B-F21A-425C-8961-FD2A7CCDD002}.BuildNet45|Mixed Platforms.Build.0 = Release|Any CPU
		{B24CDB3B-F21A-425C-8961-FD2A7CCDD002}.BuildNet45|x64.ActiveCfg = Test|Any CPU
		{B24CDB3B-F21A-425C-8961-FD2A7CCDD002}.BuildNet45|x64.Build.0 = Test|Any CPU
		{B24CDB3B-F21A-425C-8961-FD2A7CCDD002}.BuildNet45|x86.ActiveCfg = Release|Any CPU
		{B24CDB3B-F21A-425C-8961-FD2A7CCDD002}.Debug|Any CPU.ActiveCfg = Debug|Any CPU
		{B24CDB3B-F21A-425C-8961-FD2A7CCDD002}.Debug|Any CPU.Build.0 = Debug|Any CPU
		{B24CDB3B-F21A-425C-8961-FD2A7CCDD002}.Debug|Mixed Platforms.ActiveCfg = Debug|Any CPU
		{B24CDB3B-F21A-425C-8961-FD2A7CCDD002}.Debug|Mixed Platforms.Build.0 = Debug|Any CPU
		{B24CDB3B-F21A-425C-8961-FD2A7CCDD002}.Debug|x64.ActiveCfg = Debug|Any CPU
		{B24CDB3B-F21A-425C-8961-FD2A7CCDD002}.Debug|x64.Build.0 = Debug|Any CPU
		{B24CDB3B-F21A-425C-8961-FD2A7CCDD002}.Debug|x86.ActiveCfg = Debug|Any CPU
		{B24CDB3B-F21A-425C-8961-FD2A7CCDD002}.Release|Any CPU.ActiveCfg = Release|Any CPU
		{B24CDB3B-F21A-425C-8961-FD2A7CCDD002}.Release|Any CPU.Build.0 = Release|Any CPU
		{B24CDB3B-F21A-425C-8961-FD2A7CCDD002}.Release|Mixed Platforms.ActiveCfg = Release|Any CPU
		{B24CDB3B-F21A-425C-8961-FD2A7CCDD002}.Release|Mixed Platforms.Build.0 = Release|Any CPU
		{B24CDB3B-F21A-425C-8961-FD2A7CCDD002}.Release|x64.ActiveCfg = Release|Any CPU
		{B24CDB3B-F21A-425C-8961-FD2A7CCDD002}.Release|x64.Build.0 = Release|Any CPU
		{B24CDB3B-F21A-425C-8961-FD2A7CCDD002}.Release|x86.ActiveCfg = Release|Any CPU
		{B24CDB3B-F21A-425C-8961-FD2A7CCDD002}.Staging|Any CPU.ActiveCfg = Staging|Any CPU
		{B24CDB3B-F21A-425C-8961-FD2A7CCDD002}.Staging|Any CPU.Build.0 = Staging|Any CPU
		{B24CDB3B-F21A-425C-8961-FD2A7CCDD002}.Staging|Mixed Platforms.ActiveCfg = Staging|Any CPU
		{B24CDB3B-F21A-425C-8961-FD2A7CCDD002}.Staging|Mixed Platforms.Build.0 = Staging|Any CPU
		{B24CDB3B-F21A-425C-8961-FD2A7CCDD002}.Staging|x64.ActiveCfg = Staging|Any CPU
		{B24CDB3B-F21A-425C-8961-FD2A7CCDD002}.Staging|x64.Build.0 = Staging|Any CPU
		{B24CDB3B-F21A-425C-8961-FD2A7CCDD002}.Staging|x86.ActiveCfg = Staging|Any CPU
		{B24CDB3B-F21A-425C-8961-FD2A7CCDD002}.Staging|x86.Build.0 = Staging|Any CPU
		{B24CDB3B-F21A-425C-8961-FD2A7CCDD002}.Test|Any CPU.ActiveCfg = Test|Any CPU
		{B24CDB3B-F21A-425C-8961-FD2A7CCDD002}.Test|Any CPU.Build.0 = Test|Any CPU
		{B24CDB3B-F21A-425C-8961-FD2A7CCDD002}.Test|Mixed Platforms.ActiveCfg = Test|Any CPU
		{B24CDB3B-F21A-425C-8961-FD2A7CCDD002}.Test|Mixed Platforms.Build.0 = Test|Any CPU
		{B24CDB3B-F21A-425C-8961-FD2A7CCDD002}.Test|x64.ActiveCfg = Test|Any CPU
		{B24CDB3B-F21A-425C-8961-FD2A7CCDD002}.Test|x64.Build.0 = Test|Any CPU
		{B24CDB3B-F21A-425C-8961-FD2A7CCDD002}.Test|x86.ActiveCfg = Test|Any CPU
		{B24CDB3B-F21A-425C-8961-FD2A7CCDD002}.Test|x86.Build.0 = Test|Any CPU
		{C1B82633-BFFD-4D25-9B54-14FD905934D8}.BuildNet45|Any CPU.ActiveCfg = Release|Any CPU
		{C1B82633-BFFD-4D25-9B54-14FD905934D8}.BuildNet45|Any CPU.Build.0 = Release|Any CPU
		{C1B82633-BFFD-4D25-9B54-14FD905934D8}.BuildNet45|Mixed Platforms.ActiveCfg = Release|Any CPU
		{C1B82633-BFFD-4D25-9B54-14FD905934D8}.BuildNet45|Mixed Platforms.Build.0 = Release|Any CPU
		{C1B82633-BFFD-4D25-9B54-14FD905934D8}.BuildNet45|x64.ActiveCfg = Test|Any CPU
		{C1B82633-BFFD-4D25-9B54-14FD905934D8}.BuildNet45|x64.Build.0 = Test|Any CPU
		{C1B82633-BFFD-4D25-9B54-14FD905934D8}.BuildNet45|x86.ActiveCfg = Release|Any CPU
		{C1B82633-BFFD-4D25-9B54-14FD905934D8}.Debug|Any CPU.ActiveCfg = Debug|Any CPU
		{C1B82633-BFFD-4D25-9B54-14FD905934D8}.Debug|Any CPU.Build.0 = Debug|Any CPU
		{C1B82633-BFFD-4D25-9B54-14FD905934D8}.Debug|Mixed Platforms.ActiveCfg = Debug|Any CPU
		{C1B82633-BFFD-4D25-9B54-14FD905934D8}.Debug|Mixed Platforms.Build.0 = Debug|Any CPU
		{C1B82633-BFFD-4D25-9B54-14FD905934D8}.Debug|x64.ActiveCfg = Debug|Any CPU
		{C1B82633-BFFD-4D25-9B54-14FD905934D8}.Debug|x64.Build.0 = Debug|Any CPU
		{C1B82633-BFFD-4D25-9B54-14FD905934D8}.Debug|x86.ActiveCfg = Debug|Any CPU
		{C1B82633-BFFD-4D25-9B54-14FD905934D8}.Release|Any CPU.ActiveCfg = Release|Any CPU
		{C1B82633-BFFD-4D25-9B54-14FD905934D8}.Release|Any CPU.Build.0 = Release|Any CPU
		{C1B82633-BFFD-4D25-9B54-14FD905934D8}.Release|Mixed Platforms.ActiveCfg = Release|Any CPU
		{C1B82633-BFFD-4D25-9B54-14FD905934D8}.Release|Mixed Platforms.Build.0 = Release|Any CPU
		{C1B82633-BFFD-4D25-9B54-14FD905934D8}.Release|x64.ActiveCfg = Release|Any CPU
		{C1B82633-BFFD-4D25-9B54-14FD905934D8}.Release|x64.Build.0 = Release|Any CPU
		{C1B82633-BFFD-4D25-9B54-14FD905934D8}.Release|x86.ActiveCfg = Release|Any CPU
		{C1B82633-BFFD-4D25-9B54-14FD905934D8}.Staging|Any CPU.ActiveCfg = Staging|Any CPU
		{C1B82633-BFFD-4D25-9B54-14FD905934D8}.Staging|Any CPU.Build.0 = Staging|Any CPU
		{C1B82633-BFFD-4D25-9B54-14FD905934D8}.Staging|Mixed Platforms.ActiveCfg = Staging|Any CPU
		{C1B82633-BFFD-4D25-9B54-14FD905934D8}.Staging|Mixed Platforms.Build.0 = Staging|Any CPU
		{C1B82633-BFFD-4D25-9B54-14FD905934D8}.Staging|x64.ActiveCfg = Staging|Any CPU
		{C1B82633-BFFD-4D25-9B54-14FD905934D8}.Staging|x64.Build.0 = Staging|Any CPU
		{C1B82633-BFFD-4D25-9B54-14FD905934D8}.Staging|x86.ActiveCfg = Staging|Any CPU
		{C1B82633-BFFD-4D25-9B54-14FD905934D8}.Staging|x86.Build.0 = Staging|Any CPU
		{C1B82633-BFFD-4D25-9B54-14FD905934D8}.Test|Any CPU.ActiveCfg = Test|Any CPU
		{C1B82633-BFFD-4D25-9B54-14FD905934D8}.Test|Any CPU.Build.0 = Test|Any CPU
		{C1B82633-BFFD-4D25-9B54-14FD905934D8}.Test|Mixed Platforms.ActiveCfg = Test|Any CPU
		{C1B82633-BFFD-4D25-9B54-14FD905934D8}.Test|Mixed Platforms.Build.0 = Test|Any CPU
		{C1B82633-BFFD-4D25-9B54-14FD905934D8}.Test|x64.ActiveCfg = Test|Any CPU
		{C1B82633-BFFD-4D25-9B54-14FD905934D8}.Test|x64.Build.0 = Test|Any CPU
		{C1B82633-BFFD-4D25-9B54-14FD905934D8}.Test|x86.ActiveCfg = Test|Any CPU
		{C1B82633-BFFD-4D25-9B54-14FD905934D8}.Test|x86.Build.0 = Test|Any CPU
		{B5C22CC8-CCF4-4799-AA39-659056856040}.BuildNet45|Any CPU.ActiveCfg = Release|x86
		{B5C22CC8-CCF4-4799-AA39-659056856040}.BuildNet45|Mixed Platforms.ActiveCfg = Release|x86
		{B5C22CC8-CCF4-4799-AA39-659056856040}.BuildNet45|Mixed Platforms.Build.0 = Release|x86
		{B5C22CC8-CCF4-4799-AA39-659056856040}.BuildNet45|x64.ActiveCfg = Test|x64
		{B5C22CC8-CCF4-4799-AA39-659056856040}.BuildNet45|x64.Build.0 = Test|x64
		{B5C22CC8-CCF4-4799-AA39-659056856040}.BuildNet45|x86.ActiveCfg = Release|x86
		{B5C22CC8-CCF4-4799-AA39-659056856040}.BuildNet45|x86.Build.0 = Release|x86
		{B5C22CC8-CCF4-4799-AA39-659056856040}.Debug|Any CPU.ActiveCfg = Debug|x86
		{B5C22CC8-CCF4-4799-AA39-659056856040}.Debug|Any CPU.Build.0 = Debug|x86
		{B5C22CC8-CCF4-4799-AA39-659056856040}.Debug|Mixed Platforms.ActiveCfg = Debug|x86
		{B5C22CC8-CCF4-4799-AA39-659056856040}.Debug|Mixed Platforms.Build.0 = Debug|x86
		{B5C22CC8-CCF4-4799-AA39-659056856040}.Debug|x64.ActiveCfg = Debug|x64
		{B5C22CC8-CCF4-4799-AA39-659056856040}.Debug|x64.Build.0 = Debug|x64
		{B5C22CC8-CCF4-4799-AA39-659056856040}.Debug|x86.ActiveCfg = Debug|x86
		{B5C22CC8-CCF4-4799-AA39-659056856040}.Debug|x86.Build.0 = Debug|x86
		{B5C22CC8-CCF4-4799-AA39-659056856040}.Release|Any CPU.ActiveCfg = Release|x86
		{B5C22CC8-CCF4-4799-AA39-659056856040}.Release|Any CPU.Build.0 = Release|x86
		{B5C22CC8-CCF4-4799-AA39-659056856040}.Release|Mixed Platforms.ActiveCfg = Release|x86
		{B5C22CC8-CCF4-4799-AA39-659056856040}.Release|Mixed Platforms.Build.0 = Release|x86
		{B5C22CC8-CCF4-4799-AA39-659056856040}.Release|x64.ActiveCfg = Release|x64
		{B5C22CC8-CCF4-4799-AA39-659056856040}.Release|x64.Build.0 = Release|x64
		{B5C22CC8-CCF4-4799-AA39-659056856040}.Release|x86.ActiveCfg = Release|x86
		{B5C22CC8-CCF4-4799-AA39-659056856040}.Release|x86.Build.0 = Release|x86
		{B5C22CC8-CCF4-4799-AA39-659056856040}.Staging|Any CPU.ActiveCfg = Staging|x86
		{B5C22CC8-CCF4-4799-AA39-659056856040}.Staging|Any CPU.Build.0 = Staging|x86
		{B5C22CC8-CCF4-4799-AA39-659056856040}.Staging|Mixed Platforms.ActiveCfg = Staging|x64
		{B5C22CC8-CCF4-4799-AA39-659056856040}.Staging|Mixed Platforms.Build.0 = Staging|x64
		{B5C22CC8-CCF4-4799-AA39-659056856040}.Staging|x64.ActiveCfg = Staging|x64
		{B5C22CC8-CCF4-4799-AA39-659056856040}.Staging|x64.Build.0 = Staging|x64
		{B5C22CC8-CCF4-4799-AA39-659056856040}.Staging|x86.ActiveCfg = Staging|x86
		{B5C22CC8-CCF4-4799-AA39-659056856040}.Staging|x86.Build.0 = Staging|x86
		{B5C22CC8-CCF4-4799-AA39-659056856040}.Test|Any CPU.ActiveCfg = Test|x86
		{B5C22CC8-CCF4-4799-AA39-659056856040}.Test|Mixed Platforms.ActiveCfg = Test|x64
		{B5C22CC8-CCF4-4799-AA39-659056856040}.Test|Mixed Platforms.Build.0 = Test|x64
		{B5C22CC8-CCF4-4799-AA39-659056856040}.Test|x64.ActiveCfg = Test|x64
		{B5C22CC8-CCF4-4799-AA39-659056856040}.Test|x64.Build.0 = Test|x64
		{B5C22CC8-CCF4-4799-AA39-659056856040}.Test|x86.ActiveCfg = Test|x86
		{B5C22CC8-CCF4-4799-AA39-659056856040}.Test|x86.Build.0 = Test|x86
		{CA7BE164-6DFB-4377-B483-FEDA1B2FDEE1}.BuildNet45|Any CPU.ActiveCfg = Release|Any CPU
		{CA7BE164-6DFB-4377-B483-FEDA1B2FDEE1}.BuildNet45|Any CPU.Build.0 = Release|Any CPU
		{CA7BE164-6DFB-4377-B483-FEDA1B2FDEE1}.BuildNet45|Mixed Platforms.ActiveCfg = Release|Any CPU
		{CA7BE164-6DFB-4377-B483-FEDA1B2FDEE1}.BuildNet45|Mixed Platforms.Build.0 = Release|Any CPU
		{CA7BE164-6DFB-4377-B483-FEDA1B2FDEE1}.BuildNet45|x64.ActiveCfg = Test|Any CPU
		{CA7BE164-6DFB-4377-B483-FEDA1B2FDEE1}.BuildNet45|x64.Build.0 = Test|Any CPU
		{CA7BE164-6DFB-4377-B483-FEDA1B2FDEE1}.BuildNet45|x86.ActiveCfg = Release|Any CPU
		{CA7BE164-6DFB-4377-B483-FEDA1B2FDEE1}.Debug|Any CPU.ActiveCfg = Debug|Any CPU
		{CA7BE164-6DFB-4377-B483-FEDA1B2FDEE1}.Debug|Any CPU.Build.0 = Debug|Any CPU
		{CA7BE164-6DFB-4377-B483-FEDA1B2FDEE1}.Debug|Mixed Platforms.ActiveCfg = Debug|Any CPU
		{CA7BE164-6DFB-4377-B483-FEDA1B2FDEE1}.Debug|Mixed Platforms.Build.0 = Debug|Any CPU
		{CA7BE164-6DFB-4377-B483-FEDA1B2FDEE1}.Debug|x64.ActiveCfg = Debug|Any CPU
		{CA7BE164-6DFB-4377-B483-FEDA1B2FDEE1}.Debug|x64.Build.0 = Debug|Any CPU
		{CA7BE164-6DFB-4377-B483-FEDA1B2FDEE1}.Debug|x86.ActiveCfg = Debug|Any CPU
		{CA7BE164-6DFB-4377-B483-FEDA1B2FDEE1}.Release|Any CPU.ActiveCfg = Release|Any CPU
		{CA7BE164-6DFB-4377-B483-FEDA1B2FDEE1}.Release|Any CPU.Build.0 = Release|Any CPU
		{CA7BE164-6DFB-4377-B483-FEDA1B2FDEE1}.Release|Mixed Platforms.ActiveCfg = Release|Any CPU
		{CA7BE164-6DFB-4377-B483-FEDA1B2FDEE1}.Release|Mixed Platforms.Build.0 = Release|Any CPU
		{CA7BE164-6DFB-4377-B483-FEDA1B2FDEE1}.Release|x64.ActiveCfg = Release|Any CPU
		{CA7BE164-6DFB-4377-B483-FEDA1B2FDEE1}.Release|x64.Build.0 = Release|Any CPU
		{CA7BE164-6DFB-4377-B483-FEDA1B2FDEE1}.Release|x86.ActiveCfg = Release|Any CPU
		{CA7BE164-6DFB-4377-B483-FEDA1B2FDEE1}.Staging|Any CPU.ActiveCfg = Staging|Any CPU
		{CA7BE164-6DFB-4377-B483-FEDA1B2FDEE1}.Staging|Any CPU.Build.0 = Staging|Any CPU
		{CA7BE164-6DFB-4377-B483-FEDA1B2FDEE1}.Staging|Mixed Platforms.ActiveCfg = Staging|Any CPU
		{CA7BE164-6DFB-4377-B483-FEDA1B2FDEE1}.Staging|Mixed Platforms.Build.0 = Staging|Any CPU
		{CA7BE164-6DFB-4377-B483-FEDA1B2FDEE1}.Staging|x64.ActiveCfg = Staging|Any CPU
		{CA7BE164-6DFB-4377-B483-FEDA1B2FDEE1}.Staging|x64.Build.0 = Staging|Any CPU
		{CA7BE164-6DFB-4377-B483-FEDA1B2FDEE1}.Staging|x86.ActiveCfg = Staging|Any CPU
		{CA7BE164-6DFB-4377-B483-FEDA1B2FDEE1}.Staging|x86.Build.0 = Staging|Any CPU
		{CA7BE164-6DFB-4377-B483-FEDA1B2FDEE1}.Test|Any CPU.ActiveCfg = Test|Any CPU
		{CA7BE164-6DFB-4377-B483-FEDA1B2FDEE1}.Test|Any CPU.Build.0 = Test|Any CPU
		{CA7BE164-6DFB-4377-B483-FEDA1B2FDEE1}.Test|Mixed Platforms.ActiveCfg = Test|Any CPU
		{CA7BE164-6DFB-4377-B483-FEDA1B2FDEE1}.Test|Mixed Platforms.Build.0 = Test|Any CPU
		{CA7BE164-6DFB-4377-B483-FEDA1B2FDEE1}.Test|x64.ActiveCfg = Test|Any CPU
		{CA7BE164-6DFB-4377-B483-FEDA1B2FDEE1}.Test|x64.Build.0 = Test|Any CPU
		{CA7BE164-6DFB-4377-B483-FEDA1B2FDEE1}.Test|x86.ActiveCfg = Test|Any CPU
		{CA7BE164-6DFB-4377-B483-FEDA1B2FDEE1}.Test|x86.Build.0 = Test|Any CPU
		{2DD90E03-B9DA-4A4E-A8AE-589211EFA0A1}.BuildNet45|Any CPU.ActiveCfg = Release|Any CPU
		{2DD90E03-B9DA-4A4E-A8AE-589211EFA0A1}.BuildNet45|Any CPU.Build.0 = Release|Any CPU
		{2DD90E03-B9DA-4A4E-A8AE-589211EFA0A1}.BuildNet45|Mixed Platforms.ActiveCfg = Release|Any CPU
		{2DD90E03-B9DA-4A4E-A8AE-589211EFA0A1}.BuildNet45|Mixed Platforms.Build.0 = Release|Any CPU
		{2DD90E03-B9DA-4A4E-A8AE-589211EFA0A1}.BuildNet45|x64.ActiveCfg = Test|Any CPU
		{2DD90E03-B9DA-4A4E-A8AE-589211EFA0A1}.BuildNet45|x64.Build.0 = Test|Any CPU
		{2DD90E03-B9DA-4A4E-A8AE-589211EFA0A1}.BuildNet45|x86.ActiveCfg = Release|Any CPU
		{2DD90E03-B9DA-4A4E-A8AE-589211EFA0A1}.Debug|Any CPU.ActiveCfg = Debug|Any CPU
		{2DD90E03-B9DA-4A4E-A8AE-589211EFA0A1}.Debug|Any CPU.Build.0 = Debug|Any CPU
		{2DD90E03-B9DA-4A4E-A8AE-589211EFA0A1}.Debug|Mixed Platforms.ActiveCfg = Debug|Any CPU
		{2DD90E03-B9DA-4A4E-A8AE-589211EFA0A1}.Debug|Mixed Platforms.Build.0 = Debug|Any CPU
		{2DD90E03-B9DA-4A4E-A8AE-589211EFA0A1}.Debug|x64.ActiveCfg = Debug|Any CPU
		{2DD90E03-B9DA-4A4E-A8AE-589211EFA0A1}.Debug|x64.Build.0 = Debug|Any CPU
		{2DD90E03-B9DA-4A4E-A8AE-589211EFA0A1}.Debug|x86.ActiveCfg = Debug|Any CPU
		{2DD90E03-B9DA-4A4E-A8AE-589211EFA0A1}.Release|Any CPU.ActiveCfg = Release|Any CPU
		{2DD90E03-B9DA-4A4E-A8AE-589211EFA0A1}.Release|Any CPU.Build.0 = Release|Any CPU
		{2DD90E03-B9DA-4A4E-A8AE-589211EFA0A1}.Release|Any CPU.Deploy.0 = Release|Any CPU
		{2DD90E03-B9DA-4A4E-A8AE-589211EFA0A1}.Release|Mixed Platforms.ActiveCfg = Release|Any CPU
		{2DD90E03-B9DA-4A4E-A8AE-589211EFA0A1}.Release|Mixed Platforms.Build.0 = Release|Any CPU
		{2DD90E03-B9DA-4A4E-A8AE-589211EFA0A1}.Release|x64.ActiveCfg = Release|Any CPU
		{2DD90E03-B9DA-4A4E-A8AE-589211EFA0A1}.Release|x64.Build.0 = Release|Any CPU
		{2DD90E03-B9DA-4A4E-A8AE-589211EFA0A1}.Release|x86.ActiveCfg = Release|Any CPU
		{2DD90E03-B9DA-4A4E-A8AE-589211EFA0A1}.Staging|Any CPU.ActiveCfg = Staging|Any CPU
		{2DD90E03-B9DA-4A4E-A8AE-589211EFA0A1}.Staging|Any CPU.Build.0 = Staging|Any CPU
		{2DD90E03-B9DA-4A4E-A8AE-589211EFA0A1}.Staging|Mixed Platforms.ActiveCfg = Staging|Any CPU
		{2DD90E03-B9DA-4A4E-A8AE-589211EFA0A1}.Staging|Mixed Platforms.Build.0 = Staging|Any CPU
		{2DD90E03-B9DA-4A4E-A8AE-589211EFA0A1}.Staging|x64.ActiveCfg = Staging|Any CPU
		{2DD90E03-B9DA-4A4E-A8AE-589211EFA0A1}.Staging|x64.Build.0 = Staging|Any CPU
		{2DD90E03-B9DA-4A4E-A8AE-589211EFA0A1}.Staging|x86.ActiveCfg = Staging|Any CPU
		{2DD90E03-B9DA-4A4E-A8AE-589211EFA0A1}.Staging|x86.Build.0 = Staging|Any CPU
		{2DD90E03-B9DA-4A4E-A8AE-589211EFA0A1}.Test|Any CPU.ActiveCfg = Test|Any CPU
		{2DD90E03-B9DA-4A4E-A8AE-589211EFA0A1}.Test|Any CPU.Build.0 = Test|Any CPU
		{2DD90E03-B9DA-4A4E-A8AE-589211EFA0A1}.Test|Mixed Platforms.ActiveCfg = Test|Any CPU
		{2DD90E03-B9DA-4A4E-A8AE-589211EFA0A1}.Test|Mixed Platforms.Build.0 = Test|Any CPU
		{2DD90E03-B9DA-4A4E-A8AE-589211EFA0A1}.Test|x64.ActiveCfg = Test|Any CPU
		{2DD90E03-B9DA-4A4E-A8AE-589211EFA0A1}.Test|x64.Build.0 = Test|Any CPU
		{2DD90E03-B9DA-4A4E-A8AE-589211EFA0A1}.Test|x86.ActiveCfg = Test|Any CPU
		{2DD90E03-B9DA-4A4E-A8AE-589211EFA0A1}.Test|x86.Build.0 = Test|Any CPU
		{59B775AF-A5D3-45AD-90A3-6DEF276ADC8B}.BuildNet45|Any CPU.ActiveCfg = Release|x86
		{59B775AF-A5D3-45AD-90A3-6DEF276ADC8B}.BuildNet45|Mixed Platforms.ActiveCfg = Release|x86
		{59B775AF-A5D3-45AD-90A3-6DEF276ADC8B}.BuildNet45|Mixed Platforms.Build.0 = Release|x86
		{59B775AF-A5D3-45AD-90A3-6DEF276ADC8B}.BuildNet45|x64.ActiveCfg = Test|x64
		{59B775AF-A5D3-45AD-90A3-6DEF276ADC8B}.BuildNet45|x64.Build.0 = Test|x64
		{59B775AF-A5D3-45AD-90A3-6DEF276ADC8B}.BuildNet45|x86.ActiveCfg = Release|x86
		{59B775AF-A5D3-45AD-90A3-6DEF276ADC8B}.BuildNet45|x86.Build.0 = Release|x86
		{59B775AF-A5D3-45AD-90A3-6DEF276ADC8B}.Debug|Any CPU.ActiveCfg = Debug|x86
		{59B775AF-A5D3-45AD-90A3-6DEF276ADC8B}.Debug|Any CPU.Build.0 = Debug|x86
		{59B775AF-A5D3-45AD-90A3-6DEF276ADC8B}.Debug|Mixed Platforms.ActiveCfg = Debug|x86
		{59B775AF-A5D3-45AD-90A3-6DEF276ADC8B}.Debug|Mixed Platforms.Build.0 = Debug|x86
		{59B775AF-A5D3-45AD-90A3-6DEF276ADC8B}.Debug|x64.ActiveCfg = Debug|x64
		{59B775AF-A5D3-45AD-90A3-6DEF276ADC8B}.Debug|x64.Build.0 = Debug|x64
		{59B775AF-A5D3-45AD-90A3-6DEF276ADC8B}.Debug|x86.ActiveCfg = Debug|x86
		{59B775AF-A5D3-45AD-90A3-6DEF276ADC8B}.Debug|x86.Build.0 = Debug|x86
		{59B775AF-A5D3-45AD-90A3-6DEF276ADC8B}.Release|Any CPU.ActiveCfg = Release|x86
		{59B775AF-A5D3-45AD-90A3-6DEF276ADC8B}.Release|Any CPU.Build.0 = Release|x86
		{59B775AF-A5D3-45AD-90A3-6DEF276ADC8B}.Release|Mixed Platforms.ActiveCfg = Release|x86
		{59B775AF-A5D3-45AD-90A3-6DEF276ADC8B}.Release|Mixed Platforms.Build.0 = Release|x86
		{59B775AF-A5D3-45AD-90A3-6DEF276ADC8B}.Release|x64.ActiveCfg = Release|x64
		{59B775AF-A5D3-45AD-90A3-6DEF276ADC8B}.Release|x64.Build.0 = Release|x64
		{59B775AF-A5D3-45AD-90A3-6DEF276ADC8B}.Release|x86.ActiveCfg = Release|x86
		{59B775AF-A5D3-45AD-90A3-6DEF276ADC8B}.Release|x86.Build.0 = Release|x86
		{59B775AF-A5D3-45AD-90A3-6DEF276ADC8B}.Staging|Any CPU.ActiveCfg = Staging|x86
		{59B775AF-A5D3-45AD-90A3-6DEF276ADC8B}.Staging|Any CPU.Build.0 = Staging|x86
		{59B775AF-A5D3-45AD-90A3-6DEF276ADC8B}.Staging|Mixed Platforms.ActiveCfg = Staging|x64
		{59B775AF-A5D3-45AD-90A3-6DEF276ADC8B}.Staging|Mixed Platforms.Build.0 = Staging|x64
		{59B775AF-A5D3-45AD-90A3-6DEF276ADC8B}.Staging|x64.ActiveCfg = Staging|x64
		{59B775AF-A5D3-45AD-90A3-6DEF276ADC8B}.Staging|x64.Build.0 = Staging|x64
		{59B775AF-A5D3-45AD-90A3-6DEF276ADC8B}.Staging|x86.ActiveCfg = Staging|x86
		{59B775AF-A5D3-45AD-90A3-6DEF276ADC8B}.Staging|x86.Build.0 = Staging|x86
		{59B775AF-A5D3-45AD-90A3-6DEF276ADC8B}.Test|Any CPU.ActiveCfg = Test|x86
		{59B775AF-A5D3-45AD-90A3-6DEF276ADC8B}.Test|Mixed Platforms.ActiveCfg = Test|x64
		{59B775AF-A5D3-45AD-90A3-6DEF276ADC8B}.Test|Mixed Platforms.Build.0 = Test|x64
		{59B775AF-A5D3-45AD-90A3-6DEF276ADC8B}.Test|x64.ActiveCfg = Test|x64
		{59B775AF-A5D3-45AD-90A3-6DEF276ADC8B}.Test|x64.Build.0 = Test|x64
		{59B775AF-A5D3-45AD-90A3-6DEF276ADC8B}.Test|x86.ActiveCfg = Test|x86
		{59B775AF-A5D3-45AD-90A3-6DEF276ADC8B}.Test|x86.Build.0 = Test|x86
		{7AA569D6-F34B-4C03-8FBA-9DF49E566AF7}.BuildNet45|Any CPU.ActiveCfg = Release|Any CPU
		{7AA569D6-F34B-4C03-8FBA-9DF49E566AF7}.BuildNet45|Any CPU.Build.0 = Release|Any CPU
		{7AA569D6-F34B-4C03-8FBA-9DF49E566AF7}.BuildNet45|Mixed Platforms.ActiveCfg = Release|Any CPU
		{7AA569D6-F34B-4C03-8FBA-9DF49E566AF7}.BuildNet45|Mixed Platforms.Build.0 = Release|Any CPU
		{7AA569D6-F34B-4C03-8FBA-9DF49E566AF7}.BuildNet45|x64.ActiveCfg = Test|Any CPU
		{7AA569D6-F34B-4C03-8FBA-9DF49E566AF7}.BuildNet45|x64.Build.0 = Test|Any CPU
		{7AA569D6-F34B-4C03-8FBA-9DF49E566AF7}.BuildNet45|x86.ActiveCfg = Release|Any CPU
		{7AA569D6-F34B-4C03-8FBA-9DF49E566AF7}.Debug|Any CPU.ActiveCfg = Debug|Any CPU
		{7AA569D6-F34B-4C03-8FBA-9DF49E566AF7}.Debug|Any CPU.Build.0 = Debug|Any CPU
		{7AA569D6-F34B-4C03-8FBA-9DF49E566AF7}.Debug|Mixed Platforms.ActiveCfg = Debug|Any CPU
		{7AA569D6-F34B-4C03-8FBA-9DF49E566AF7}.Debug|Mixed Platforms.Build.0 = Debug|Any CPU
		{7AA569D6-F34B-4C03-8FBA-9DF49E566AF7}.Debug|x64.ActiveCfg = Debug|Any CPU
		{7AA569D6-F34B-4C03-8FBA-9DF49E566AF7}.Debug|x64.Build.0 = Debug|Any CPU
		{7AA569D6-F34B-4C03-8FBA-9DF49E566AF7}.Debug|x86.ActiveCfg = Debug|Any CPU
		{7AA569D6-F34B-4C03-8FBA-9DF49E566AF7}.Debug|x86.Build.0 = Debug|Any CPU
		{7AA569D6-F34B-4C03-8FBA-9DF49E566AF7}.Release|Any CPU.ActiveCfg = Release|Any CPU
		{7AA569D6-F34B-4C03-8FBA-9DF49E566AF7}.Release|Any CPU.Build.0 = Release|Any CPU
		{7AA569D6-F34B-4C03-8FBA-9DF49E566AF7}.Release|Mixed Platforms.ActiveCfg = Release|Any CPU
		{7AA569D6-F34B-4C03-8FBA-9DF49E566AF7}.Release|Mixed Platforms.Build.0 = Release|Any CPU
		{7AA569D6-F34B-4C03-8FBA-9DF49E566AF7}.Release|x64.ActiveCfg = Release|Any CPU
		{7AA569D6-F34B-4C03-8FBA-9DF49E566AF7}.Release|x64.Build.0 = Release|Any CPU
		{7AA569D6-F34B-4C03-8FBA-9DF49E566AF7}.Release|x86.ActiveCfg = Release|Any CPU
		{7AA569D6-F34B-4C03-8FBA-9DF49E566AF7}.Staging|Any CPU.ActiveCfg = Staging|Any CPU
		{7AA569D6-F34B-4C03-8FBA-9DF49E566AF7}.Staging|Any CPU.Build.0 = Staging|Any CPU
		{7AA569D6-F34B-4C03-8FBA-9DF49E566AF7}.Staging|Mixed Platforms.ActiveCfg = Staging|Any CPU
		{7AA569D6-F34B-4C03-8FBA-9DF49E566AF7}.Staging|Mixed Platforms.Build.0 = Staging|Any CPU
		{7AA569D6-F34B-4C03-8FBA-9DF49E566AF7}.Staging|x64.ActiveCfg = Staging|Any CPU
		{7AA569D6-F34B-4C03-8FBA-9DF49E566AF7}.Staging|x64.Build.0 = Staging|Any CPU
		{7AA569D6-F34B-4C03-8FBA-9DF49E566AF7}.Staging|x86.ActiveCfg = Staging|Any CPU
		{7AA569D6-F34B-4C03-8FBA-9DF49E566AF7}.Staging|x86.Build.0 = Staging|Any CPU
		{7AA569D6-F34B-4C03-8FBA-9DF49E566AF7}.Test|Any CPU.ActiveCfg = Test|Any CPU
		{7AA569D6-F34B-4C03-8FBA-9DF49E566AF7}.Test|Any CPU.Build.0 = Test|Any CPU
		{7AA569D6-F34B-4C03-8FBA-9DF49E566AF7}.Test|Mixed Platforms.ActiveCfg = Test|Any CPU
		{7AA569D6-F34B-4C03-8FBA-9DF49E566AF7}.Test|Mixed Platforms.Build.0 = Test|Any CPU
		{7AA569D6-F34B-4C03-8FBA-9DF49E566AF7}.Test|x64.ActiveCfg = Test|Any CPU
		{7AA569D6-F34B-4C03-8FBA-9DF49E566AF7}.Test|x64.Build.0 = Test|Any CPU
		{7AA569D6-F34B-4C03-8FBA-9DF49E566AF7}.Test|x86.ActiveCfg = Test|Any CPU
		{7AA569D6-F34B-4C03-8FBA-9DF49E566AF7}.Test|x86.Build.0 = Test|Any CPU
		{DA3900F4-991A-41E6-A7D9-8FC5D3CC9DB1}.BuildNet45|Any CPU.ActiveCfg = Release|Any CPU
		{DA3900F4-991A-41E6-A7D9-8FC5D3CC9DB1}.BuildNet45|Any CPU.Build.0 = Release|Any CPU
		{DA3900F4-991A-41E6-A7D9-8FC5D3CC9DB1}.BuildNet45|Any CPU.Deploy.0 = Release|Any CPU
		{DA3900F4-991A-41E6-A7D9-8FC5D3CC9DB1}.BuildNet45|Mixed Platforms.ActiveCfg = Release|Any CPU
		{DA3900F4-991A-41E6-A7D9-8FC5D3CC9DB1}.BuildNet45|Mixed Platforms.Build.0 = Release|Any CPU
		{DA3900F4-991A-41E6-A7D9-8FC5D3CC9DB1}.BuildNet45|Mixed Platforms.Deploy.0 = Release|Any CPU
		{DA3900F4-991A-41E6-A7D9-8FC5D3CC9DB1}.BuildNet45|x64.ActiveCfg = Debug|Any CPU
		{DA3900F4-991A-41E6-A7D9-8FC5D3CC9DB1}.BuildNet45|x64.Build.0 = Debug|Any CPU
		{DA3900F4-991A-41E6-A7D9-8FC5D3CC9DB1}.BuildNet45|x64.Deploy.0 = Debug|Any CPU
		{DA3900F4-991A-41E6-A7D9-8FC5D3CC9DB1}.BuildNet45|x86.ActiveCfg = Release|Any CPU
		{DA3900F4-991A-41E6-A7D9-8FC5D3CC9DB1}.BuildNet45|x86.Build.0 = Release|Any CPU
		{DA3900F4-991A-41E6-A7D9-8FC5D3CC9DB1}.BuildNet45|x86.Deploy.0 = Release|Any CPU
		{DA3900F4-991A-41E6-A7D9-8FC5D3CC9DB1}.Debug|Any CPU.ActiveCfg = Debug|Any CPU
		{DA3900F4-991A-41E6-A7D9-8FC5D3CC9DB1}.Debug|Mixed Platforms.ActiveCfg = Debug|Any CPU
		{DA3900F4-991A-41E6-A7D9-8FC5D3CC9DB1}.Debug|x64.ActiveCfg = Debug|Any CPU
		{DA3900F4-991A-41E6-A7D9-8FC5D3CC9DB1}.Debug|x86.ActiveCfg = Debug|Any CPU
		{DA3900F4-991A-41E6-A7D9-8FC5D3CC9DB1}.Release|Any CPU.ActiveCfg = Release|Any CPU
		{DA3900F4-991A-41E6-A7D9-8FC5D3CC9DB1}.Release|Mixed Platforms.ActiveCfg = Release|Any CPU
		{DA3900F4-991A-41E6-A7D9-8FC5D3CC9DB1}.Release|x64.ActiveCfg = Release|Any CPU
		{DA3900F4-991A-41E6-A7D9-8FC5D3CC9DB1}.Release|x86.ActiveCfg = Release|Any CPU
		{DA3900F4-991A-41E6-A7D9-8FC5D3CC9DB1}.Release|x86.Build.0 = Release|Any CPU
		{DA3900F4-991A-41E6-A7D9-8FC5D3CC9DB1}.Release|x86.Deploy.0 = Release|Any CPU
		{DA3900F4-991A-41E6-A7D9-8FC5D3CC9DB1}.Staging|Any CPU.ActiveCfg = Release|Any CPU
		{DA3900F4-991A-41E6-A7D9-8FC5D3CC9DB1}.Staging|Mixed Platforms.ActiveCfg = Release|Any CPU
		{DA3900F4-991A-41E6-A7D9-8FC5D3CC9DB1}.Staging|x64.ActiveCfg = Debug|Any CPU
		{DA3900F4-991A-41E6-A7D9-8FC5D3CC9DB1}.Staging|x86.ActiveCfg = Release|Any CPU
		{DA3900F4-991A-41E6-A7D9-8FC5D3CC9DB1}.Staging|x86.Build.0 = Release|Any CPU
		{DA3900F4-991A-41E6-A7D9-8FC5D3CC9DB1}.Staging|x86.Deploy.0 = Release|Any CPU
		{DA3900F4-991A-41E6-A7D9-8FC5D3CC9DB1}.Test|Any CPU.ActiveCfg = Release|Any CPU
		{DA3900F4-991A-41E6-A7D9-8FC5D3CC9DB1}.Test|Any CPU.Build.0 = Release|Any CPU
		{DA3900F4-991A-41E6-A7D9-8FC5D3CC9DB1}.Test|Any CPU.Deploy.0 = Release|Any CPU
		{DA3900F4-991A-41E6-A7D9-8FC5D3CC9DB1}.Test|Mixed Platforms.ActiveCfg = Release|Any CPU
		{DA3900F4-991A-41E6-A7D9-8FC5D3CC9DB1}.Test|x64.ActiveCfg = Debug|Any CPU
		{DA3900F4-991A-41E6-A7D9-8FC5D3CC9DB1}.Test|x86.ActiveCfg = Release|Any CPU
		{DA3900F4-991A-41E6-A7D9-8FC5D3CC9DB1}.Test|x86.Build.0 = Release|Any CPU
		{DA3900F4-991A-41E6-A7D9-8FC5D3CC9DB1}.Test|x86.Deploy.0 = Release|Any CPU
		{DE9A11AC-590A-4396-A8AF-5F539A1052AF}.BuildNet45|Any CPU.ActiveCfg = Release|Any CPU
		{DE9A11AC-590A-4396-A8AF-5F539A1052AF}.BuildNet45|Any CPU.Build.0 = Release|Any CPU
		{DE9A11AC-590A-4396-A8AF-5F539A1052AF}.BuildNet45|Mixed Platforms.ActiveCfg = Release|Any CPU
		{DE9A11AC-590A-4396-A8AF-5F539A1052AF}.BuildNet45|Mixed Platforms.Build.0 = Release|Any CPU
		{DE9A11AC-590A-4396-A8AF-5F539A1052AF}.BuildNet45|x64.ActiveCfg = Release|Any CPU
		{DE9A11AC-590A-4396-A8AF-5F539A1052AF}.BuildNet45|x64.Build.0 = Release|Any CPU
		{DE9A11AC-590A-4396-A8AF-5F539A1052AF}.BuildNet45|x86.ActiveCfg = Release|Any CPU
		{DE9A11AC-590A-4396-A8AF-5F539A1052AF}.BuildNet45|x86.Build.0 = Release|Any CPU
		{DE9A11AC-590A-4396-A8AF-5F539A1052AF}.Debug|Any CPU.ActiveCfg = Debug|Any CPU
		{DE9A11AC-590A-4396-A8AF-5F539A1052AF}.Debug|Any CPU.Build.0 = Debug|Any CPU
		{DE9A11AC-590A-4396-A8AF-5F539A1052AF}.Debug|Mixed Platforms.ActiveCfg = Debug|Any CPU
		{DE9A11AC-590A-4396-A8AF-5F539A1052AF}.Debug|Mixed Platforms.Build.0 = Debug|Any CPU
		{DE9A11AC-590A-4396-A8AF-5F539A1052AF}.Debug|x64.ActiveCfg = Debug|Any CPU
		{DE9A11AC-590A-4396-A8AF-5F539A1052AF}.Debug|x86.ActiveCfg = Debug|Any CPU
		{DE9A11AC-590A-4396-A8AF-5F539A1052AF}.Debug|x86.Build.0 = Debug|Any CPU
		{DE9A11AC-590A-4396-A8AF-5F539A1052AF}.Release|Any CPU.ActiveCfg = Release|Any CPU
		{DE9A11AC-590A-4396-A8AF-5F539A1052AF}.Release|Any CPU.Build.0 = Release|Any CPU
		{DE9A11AC-590A-4396-A8AF-5F539A1052AF}.Release|Mixed Platforms.ActiveCfg = Release|Any CPU
		{DE9A11AC-590A-4396-A8AF-5F539A1052AF}.Release|Mixed Platforms.Build.0 = Release|Any CPU
		{DE9A11AC-590A-4396-A8AF-5F539A1052AF}.Release|x64.ActiveCfg = Release|Any CPU
		{DE9A11AC-590A-4396-A8AF-5F539A1052AF}.Release|x86.ActiveCfg = Release|Any CPU
		{DE9A11AC-590A-4396-A8AF-5F539A1052AF}.Release|x86.Build.0 = Release|Any CPU
		{DE9A11AC-590A-4396-A8AF-5F539A1052AF}.Staging|Any CPU.ActiveCfg = Release|Any CPU
		{DE9A11AC-590A-4396-A8AF-5F539A1052AF}.Staging|Any CPU.Build.0 = Release|Any CPU
		{DE9A11AC-590A-4396-A8AF-5F539A1052AF}.Staging|Mixed Platforms.ActiveCfg = Release|Any CPU
		{DE9A11AC-590A-4396-A8AF-5F539A1052AF}.Staging|Mixed Platforms.Build.0 = Release|Any CPU
		{DE9A11AC-590A-4396-A8AF-5F539A1052AF}.Staging|x64.ActiveCfg = Release|Any CPU
		{DE9A11AC-590A-4396-A8AF-5F539A1052AF}.Staging|x86.ActiveCfg = Release|Any CPU
		{DE9A11AC-590A-4396-A8AF-5F539A1052AF}.Staging|x86.Build.0 = Release|Any CPU
		{DE9A11AC-590A-4396-A8AF-5F539A1052AF}.Test|Any CPU.ActiveCfg = Release|Any CPU
		{DE9A11AC-590A-4396-A8AF-5F539A1052AF}.Test|Any CPU.Build.0 = Release|Any CPU
		{DE9A11AC-590A-4396-A8AF-5F539A1052AF}.Test|Mixed Platforms.ActiveCfg = Release|Any CPU
		{DE9A11AC-590A-4396-A8AF-5F539A1052AF}.Test|Mixed Platforms.Build.0 = Release|Any CPU
		{DE9A11AC-590A-4396-A8AF-5F539A1052AF}.Test|x64.ActiveCfg = Release|Any CPU
		{DE9A11AC-590A-4396-A8AF-5F539A1052AF}.Test|x86.ActiveCfg = Release|Any CPU
		{DE9A11AC-590A-4396-A8AF-5F539A1052AF}.Test|x86.Build.0 = Release|Any CPU
	EndGlobalSection
	GlobalSection(SolutionProperties) = preSolution
		HideSolutionNode = FALSE
	EndGlobalSection
	GlobalSection(NestedProjects) = preSolution
		{DE9A11AC-590A-4396-A8AF-5F539A1052AF} = {4F26B6C3-C2B7-4D58-8F4B-F6CC3C3834BB}
	EndGlobalSection
	GlobalSection(ExtensibilityGlobals) = postSolution
		SolutionGuid = {DD4F237A-178E-4FF3-A34F-4132A15E350C}
	EndGlobalSection
EndGlobal
